
Microsoft Visual Studio Solution File, Format Version 12.00
# Visual Studio 15
VisualStudioVersion = 15.0.28307.421
MinimumVisualStudioVersion = 10.0.40219.1
Project("{FAE04EC0-301F-11D3-BF4B-00C04F79EFBC}") = "L02_CW", "L02_CW\L02_CW.csproj", "{C3B856AC-F074-4FCB-B16E-97FA33EB1EC6}"
EndProject
Global
	GlobalSection(SolutionConfigurationPlatforms) = preSolution
		Debug|Any CPU = Debug|Any CPU
		Release|Any CPU = Release|Any CPU
	EndGlobalSection
	GlobalSection(ProjectConfigurationPlatforms) = postSolution
		{C3B856AC-F074-4FCB-B16E-97FA33EB1EC6}.Debug|Any CPU.ActiveCfg = Debug|Any CPU
		{C3B856AC-F074-4FCB-B16E-97FA33EB1EC6}.Debug|Any CPU.Build.0 = Debug|Any CPU
		{C3B856AC-F074-4FCB-B16E-97FA33EB1EC6}.Release|Any CPU.ActiveCfg = Release|Any CPU
		{C3B856AC-F074-4FCB-B16E-97FA33EB1EC6}.Release|Any CPU.Build.0 = Release|Any CPU
	EndGlobalSection
	GlobalSection(SolutionProperties) = preSolution
		HideSolutionNode = FALSE
	EndGlobalSection
	GlobalSection(ExtensibilityGlobals) = postSolution
		SolutionGuid = {453AC57F-6C0E-4FC8-B9E0-D2C50EBA4FD8}
	EndGlobalSection
EndGlobal
