
Microsoft Visual Studio Solution File, Format Version 12.00
# Visual Studio 15
VisualStudioVersion = 15.0.28307.421
MinimumVisualStudioVersion = 10.0.40219.1
Project("{FAE04EC0-301F-11D3-BF4B-00C04F79EFBC}") = "Singleton", "Singleton\Singleton.csproj", "{AD95E71B-0219-4B8D-98C2-01C175A6A7D7}"
EndProject
Global
	GlobalSection(SolutionConfigurationPlatforms) = preSolution
		Debug|Any CPU = Debug|Any CPU
		Release|Any CPU = Release|Any CPU
	EndGlobalSection
	GlobalSection(ProjectConfigurationPlatforms) = postSolution
		{AD95E71B-0219-4B8D-98C2-01C175A6A7D7}.Debug|Any CPU.ActiveCfg = Debug|Any CPU
		{AD95E71B-0219-4B8D-98C2-01C175A6A7D7}.Debug|Any CPU.Build.0 = Debug|Any CPU
		{AD95E71B-0219-4B8D-98C2-01C175A6A7D7}.Release|Any CPU.ActiveCfg = Release|Any CPU
		{AD95E71B-0219-4B8D-98C2-01C175A6A7D7}.Release|Any CPU.Build.0 = Release|Any CPU
	EndGlobalSection
	GlobalSection(SolutionProperties) = preSolution
		HideSolutionNode = FALSE
	EndGlobalSection
	GlobalSection(ExtensibilityGlobals) = postSolution
		SolutionGuid = {6F4B997D-AC45-4255-89E2-6E3B98A693B0}
	EndGlobalSection
EndGlobal
