
Microsoft Visual Studio Solution File, Format Version 12.00
# Visual Studio 15
VisualStudioVersion = 15.0.28307.421
MinimumVisualStudioVersion = 10.0.40219.1
Project("{FAE04EC0-301F-11D3-BF4B-00C04F79EFBC}") = "Events", "Events\Events.csproj", "{6EA16F5C-8768-411D-9200-729C091D1688}"
EndProject
Project("{FAE04EC0-301F-11D3-BF4B-00C04F79EFBC}") = "ZipSize", "ZipSize\ZipSize.csproj", "{29F19468-7D81-4293-B6F6-E698CBCD1AB4}"
EndProject
Global
	GlobalSection(SolutionConfigurationPlatforms) = preSolution
		Debug|Any CPU = Debug|Any CPU
		Release|Any CPU = Release|Any CPU
	EndGlobalSection
	GlobalSection(ProjectConfigurationPlatforms) = postSolution
		{6EA16F5C-8768-411D-9200-729C091D1688}.Debug|Any CPU.ActiveCfg = Debug|Any CPU
		{6EA16F5C-8768-411D-9200-729C091D1688}.Debug|Any CPU.Build.0 = Debug|Any CPU
		{6EA16F5C-8768-411D-9200-729C091D1688}.Release|Any CPU.ActiveCfg = Release|Any CPU
		{6EA16F5C-8768-411D-9200-729C091D1688}.Release|Any CPU.Build.0 = Release|Any CPU
		{29F19468-7D81-4293-B6F6-E698CBCD1AB4}.Debug|Any CPU.ActiveCfg = Debug|Any CPU
		{29F19468-7D81-4293-B6F6-E698CBCD1AB4}.Debug|Any CPU.Build.0 = Debug|Any CPU
		{29F19468-7D81-4293-B6F6-E698CBCD1AB4}.Release|Any CPU.ActiveCfg = Release|Any CPU
		{29F19468-7D81-4293-B6F6-E698CBCD1AB4}.Release|Any CPU.Build.0 = Release|Any CPU
	EndGlobalSection
	GlobalSection(SolutionProperties) = preSolution
		HideSolutionNode = FALSE
	EndGlobalSection
	GlobalSection(ExtensibilityGlobals) = postSolution
		SolutionGuid = {4B1D79F0-9467-4FB1-8D29-FE5019FD3876}
	EndGlobalSection
EndGlobal
