
Microsoft Visual Studio Solution File, Format Version 12.00
# Visual Studio 15
VisualStudioVersion = 15.0.28307.421
MinimumVisualStudioVersion = 10.0.40219.1
Project("{FAE04EC0-301F-11D3-BF4B-00C04F79EFBC}") = "ConsoleAppNetCore", "ConsoleAppNetCore\ConsoleAppNetCore.csproj", "{6DE90271-8CC9-4DB0-BA59-C9882D32C7C5}"
EndProject
Project("{FAE04EC0-301F-11D3-BF4B-00C04F79EFBC}") = "Calculator.Figure", "Calculator.Figure\Calculator.Figure.csproj", "{C8F82BA4-77D8-4332-A82C-F29F40E024C5}"
EndProject
Project("{FAE04EC0-301F-11D3-BF4B-00C04F79EFBC}") = "Calculator.Operation", "Calculator.Operation\Calculator.Operation.csproj", "{F76BA6EB-C27A-46FA-A99B-B4F58CCDB81E}"
EndProject
Global
	GlobalSection(SolutionConfigurationPlatforms) = preSolution
		Debug|Any CPU = Debug|Any CPU
		Release|Any CPU = Release|Any CPU
	EndGlobalSection
	GlobalSection(ProjectConfigurationPlatforms) = postSolution
		{6DE90271-8CC9-4DB0-BA59-C9882D32C7C5}.Debug|Any CPU.ActiveCfg = Debug|Any CPU
		{6DE90271-8CC9-4DB0-BA59-C9882D32C7C5}.Debug|Any CPU.Build.0 = Debug|Any CPU
		{6DE90271-8CC9-4DB0-BA59-C9882D32C7C5}.Release|Any CPU.ActiveCfg = Release|Any CPU
		{6DE90271-8CC9-4DB0-BA59-C9882D32C7C5}.Release|Any CPU.Build.0 = Release|Any CPU
		{C8F82BA4-77D8-4332-A82C-F29F40E024C5}.Debug|Any CPU.ActiveCfg = Debug|Any CPU
		{C8F82BA4-77D8-4332-A82C-F29F40E024C5}.Debug|Any CPU.Build.0 = Debug|Any CPU
		{C8F82BA4-77D8-4332-A82C-F29F40E024C5}.Release|Any CPU.ActiveCfg = Release|Any CPU
		{C8F82BA4-77D8-4332-A82C-F29F40E024C5}.Release|Any CPU.Build.0 = Release|Any CPU
		{F76BA6EB-C27A-46FA-A99B-B4F58CCDB81E}.Debug|Any CPU.ActiveCfg = Debug|Any CPU
		{F76BA6EB-C27A-46FA-A99B-B4F58CCDB81E}.Debug|Any CPU.Build.0 = Debug|Any CPU
		{F76BA6EB-C27A-46FA-A99B-B4F58CCDB81E}.Release|Any CPU.ActiveCfg = Release|Any CPU
		{F76BA6EB-C27A-46FA-A99B-B4F58CCDB81E}.Release|Any CPU.Build.0 = Release|Any CPU
	EndGlobalSection
	GlobalSection(SolutionProperties) = preSolution
		HideSolutionNode = FALSE
	EndGlobalSection
	GlobalSection(ExtensibilityGlobals) = postSolution
		SolutionGuid = {905FC958-E436-4668-98F8-30AA5D29B5D3}
	EndGlobalSection
EndGlobal
