
Microsoft Visual Studio Solution File, Format Version 12.00
# Visual Studio 15
VisualStudioVersion = 15.0.28307.421
MinimumVisualStudioVersion = 10.0.40219.1
Project("{FAE04EC0-301F-11D3-BF4B-00C04F79EFBC}") = "AbstractClasses_Interfaces", "AbstractClasses_Interfaces\AbstractClasses_Interfaces.csproj", "{A57E0FE6-00FA-484D-88F8-B991BC112AE1}"
EndProject
Project("{FAE04EC0-301F-11D3-BF4B-00C04F79EFBC}") = "FlyingMachines", "FlyingMachines\FlyingMachines.csproj", "{74E6586A-4CE4-4D48-85DF-04C9D837F2CF}"
EndProject
Global
	GlobalSection(SolutionConfigurationPlatforms) = preSolution
		Debug|Any CPU = Debug|Any CPU
		Release|Any CPU = Release|Any CPU
	EndGlobalSection
	GlobalSection(ProjectConfigurationPlatforms) = postSolution
		{A57E0FE6-00FA-484D-88F8-B991BC112AE1}.Debug|Any CPU.ActiveCfg = Debug|Any CPU
		{A57E0FE6-00FA-484D-88F8-B991BC112AE1}.Debug|Any CPU.Build.0 = Debug|Any CPU
		{A57E0FE6-00FA-484D-88F8-B991BC112AE1}.Release|Any CPU.ActiveCfg = Release|Any CPU
		{A57E0FE6-00FA-484D-88F8-B991BC112AE1}.Release|Any CPU.Build.0 = Release|Any CPU
		{74E6586A-4CE4-4D48-85DF-04C9D837F2CF}.Debug|Any CPU.ActiveCfg = Debug|Any CPU
		{74E6586A-4CE4-4D48-85DF-04C9D837F2CF}.Debug|Any CPU.Build.0 = Debug|Any CPU
		{74E6586A-4CE4-4D48-85DF-04C9D837F2CF}.Release|Any CPU.ActiveCfg = Release|Any CPU
		{74E6586A-4CE4-4D48-85DF-04C9D837F2CF}.Release|Any CPU.Build.0 = Release|Any CPU
	EndGlobalSection
	GlobalSection(SolutionProperties) = preSolution
		HideSolutionNode = FALSE
	EndGlobalSection
	GlobalSection(ExtensibilityGlobals) = postSolution
		SolutionGuid = {A112A40D-27FE-4FBD-BF67-B9B5665DE737}
	EndGlobalSection
EndGlobal
