
Microsoft Visual Studio Solution File, Format Version 12.00
# Visual Studio 15
VisualStudioVersion = 15.0.28307.421
MinimumVisualStudioVersion = 10.0.40219.1
Project("{FAE04EC0-301F-11D3-BF4B-00C04F79EFBC}") = "OOP", "OOP\OOP.csproj", "{761FBFE8-E8A8-4216-9646-1EAE7D438F5F}"
EndProject
Global
	GlobalSection(SolutionConfigurationPlatforms) = preSolution
		Debug|Any CPU = Debug|Any CPU
		Release|Any CPU = Release|Any CPU
	EndGlobalSection
	GlobalSection(ProjectConfigurationPlatforms) = postSolution
		{761FBFE8-E8A8-4216-9646-1EAE7D438F5F}.Debug|Any CPU.ActiveCfg = Debug|Any CPU
		{761FBFE8-E8A8-4216-9646-1EAE7D438F5F}.Debug|Any CPU.Build.0 = Debug|Any CPU
		{761FBFE8-E8A8-4216-9646-1EAE7D438F5F}.Release|Any CPU.ActiveCfg = Release|Any CPU
		{761FBFE8-E8A8-4216-9646-1EAE7D438F5F}.Release|Any CPU.Build.0 = Release|Any CPU
	EndGlobalSection
	GlobalSection(SolutionProperties) = preSolution
		HideSolutionNode = FALSE
	EndGlobalSection
	GlobalSection(ExtensibilityGlobals) = postSolution
		SolutionGuid = {F69ACD85-56EC-4AB1-9674-9042020D858C}
	EndGlobalSection
EndGlobal
