
Microsoft Visual Studio Solution File, Format Version 12.00
# Visual Studio 15
VisualStudioVersion = 15.0.28307.421
MinimumVisualStudioVersion = 10.0.40219.1
Project("{FAE04EC0-301F-11D3-BF4B-00C04F79EFBC}") = "L04_HW", "L04_HW\L04_HW.csproj", "{AFD74D78-99F4-4F90-A0B7-DC96D5F80938}"
EndProject
Global
	GlobalSection(SolutionConfigurationPlatforms) = preSolution
		Debug|Any CPU = Debug|Any CPU
		Release|Any CPU = Release|Any CPU
	EndGlobalSection
	GlobalSection(ProjectConfigurationPlatforms) = postSolution
		{AFD74D78-99F4-4F90-A0B7-DC96D5F80938}.Debug|Any CPU.ActiveCfg = Debug|Any CPU
		{AFD74D78-99F4-4F90-A0B7-DC96D5F80938}.Debug|Any CPU.Build.0 = Debug|Any CPU
		{AFD74D78-99F4-4F90-A0B7-DC96D5F80938}.Release|Any CPU.ActiveCfg = Release|Any CPU
		{AFD74D78-99F4-4F90-A0B7-DC96D5F80938}.Release|Any CPU.Build.0 = Release|Any CPU
	EndGlobalSection
	GlobalSection(SolutionProperties) = preSolution
		HideSolutionNode = FALSE
	EndGlobalSection
	GlobalSection(ExtensibilityGlobals) = postSolution
		SolutionGuid = {D9D9CF1F-A960-40EB-81DA-929DF967114C}
	EndGlobalSection
EndGlobal
