
Microsoft Visual Studio Solution File, Format Version 12.00
# Visual Studio 15
VisualStudioVersion = 15.0.28307.421
MinimumVisualStudioVersion = 10.0.40219.1
Project("{FAE04EC0-301F-11D3-BF4B-00C04F79EFBC}") = "Factory", "Factory\Factory.csproj", "{0D96D019-90CB-4F6A-961F-0B611761F246}"
EndProject
Global
	GlobalSection(SolutionConfigurationPlatforms) = preSolution
		Debug|Any CPU = Debug|Any CPU
		Release|Any CPU = Release|Any CPU
	EndGlobalSection
	GlobalSection(ProjectConfigurationPlatforms) = postSolution
		{0D96D019-90CB-4F6A-961F-0B611761F246}.Debug|Any CPU.ActiveCfg = Debug|Any CPU
		{0D96D019-90CB-4F6A-961F-0B611761F246}.Debug|Any CPU.Build.0 = Debug|Any CPU
		{0D96D019-90CB-4F6A-961F-0B611761F246}.Release|Any CPU.ActiveCfg = Release|Any CPU
		{0D96D019-90CB-4F6A-961F-0B611761F246}.Release|Any CPU.Build.0 = Release|Any CPU
	EndGlobalSection
	GlobalSection(SolutionProperties) = preSolution
		HideSolutionNode = FALSE
	EndGlobalSection
	GlobalSection(ExtensibilityGlobals) = postSolution
		SolutionGuid = {78B4CC08-3A14-4075-BB73-EF7D3AD5FA05}
	EndGlobalSection
EndGlobal
