
Microsoft Visual Studio Solution File, Format Version 12.00
# Visual Studio 15
VisualStudioVersion = 15.0.28307.421
MinimumVisualStudioVersion = 10.0.40219.1
Project("{FAE04EC0-301F-11D3-BF4B-00C04F79EFBC}") = "L04_CW", "L04_CW\L04_CW.csproj", "{27818141-1147-4864-9F8B-B99F399C25DE}"
EndProject
Project("{FAE04EC0-301F-11D3-BF4B-00C04F79EFBC}") = "Flags", "..\Flags\Flags.csproj", "{6C364DDA-928B-478D-B9BA-DE38E54076A8}"
EndProject
Project("{FAE04EC0-301F-11D3-BF4B-00C04F79EFBC}") = "FavoriteColors", "FavoriteColors\FavoriteColors.csproj", "{04167917-1D06-43A9-925C-2EF61207F67C}"
EndProject
Global
	GlobalSection(SolutionConfigurationPlatforms) = preSolution
		Debug|Any CPU = Debug|Any CPU
		Release|Any CPU = Release|Any CPU
	EndGlobalSection
	GlobalSection(ProjectConfigurationPlatforms) = postSolution
		{27818141-1147-4864-9F8B-B99F399C25DE}.Debug|Any CPU.ActiveCfg = Debug|Any CPU
		{27818141-1147-4864-9F8B-B99F399C25DE}.Debug|Any CPU.Build.0 = Debug|Any CPU
		{27818141-1147-4864-9F8B-B99F399C25DE}.Release|Any CPU.ActiveCfg = Release|Any CPU
		{27818141-1147-4864-9F8B-B99F399C25DE}.Release|Any CPU.Build.0 = Release|Any CPU
		{6C364DDA-928B-478D-B9BA-DE38E54076A8}.Debug|Any CPU.ActiveCfg = Debug|Any CPU
		{6C364DDA-928B-478D-B9BA-DE38E54076A8}.Debug|Any CPU.Build.0 = Debug|Any CPU
		{6C364DDA-928B-478D-B9BA-DE38E54076A8}.Release|Any CPU.ActiveCfg = Release|Any CPU
		{6C364DDA-928B-478D-B9BA-DE38E54076A8}.Release|Any CPU.Build.0 = Release|Any CPU
		{04167917-1D06-43A9-925C-2EF61207F67C}.Debug|Any CPU.ActiveCfg = Debug|Any CPU
		{04167917-1D06-43A9-925C-2EF61207F67C}.Debug|Any CPU.Build.0 = Debug|Any CPU
		{04167917-1D06-43A9-925C-2EF61207F67C}.Release|Any CPU.ActiveCfg = Release|Any CPU
		{04167917-1D06-43A9-925C-2EF61207F67C}.Release|Any CPU.Build.0 = Release|Any CPU
	EndGlobalSection
	GlobalSection(SolutionProperties) = preSolution
		HideSolutionNode = FALSE
	EndGlobalSection
	GlobalSection(ExtensibilityGlobals) = postSolution
		SolutionGuid = {E3ECFE19-012E-41EB-8C18-44598D885AF0}
	EndGlobalSection
EndGlobal
