
Microsoft Visual Studio Solution File, Format Version 12.00
# Visual Studio 15
VisualStudioVersion = 15.0.28307.645
MinimumVisualStudioVersion = 10.0.40219.1
Project("{9A19103F-16F7-4668-BE54-9A1E7A4F7556}") = "L34_C02_working_with_ef_core_final", "L34_C02_working_with_ef_core_final\L34_C02_working_with_ef_core_final.csproj", "{D1DBBACE-4ABB-4B2C-A42E-AFEA0F352C19}"
EndProject
Project("{9A19103F-16F7-4668-BE54-9A1E7A4F7556}") = "L34_C01_working_with_ef_core", "L34_C01_working_with_ef_core\L34_C01_working_with_ef_core.csproj", "{C5D4AA1C-D3E3-4FD9-9BEA-3D26623CF351}"
EndProject
Global
	GlobalSection(SolutionConfigurationPlatforms) = preSolution
		Debug|Any CPU = Debug|Any CPU
		Release|Any CPU = Release|Any CPU
	EndGlobalSection
	GlobalSection(ProjectConfigurationPlatforms) = postSolution
		{D1DBBACE-4ABB-4B2C-A42E-AFEA0F352C19}.Debug|Any CPU.ActiveCfg = Debug|Any CPU
		{D1DBBACE-4ABB-4B2C-A42E-AFEA0F352C19}.Debug|Any CPU.Build.0 = Debug|Any CPU
		{D1DBBACE-4ABB-4B2C-A42E-AFEA0F352C19}.Release|Any CPU.ActiveCfg = Release|Any CPU
		{D1DBBACE-4ABB-4B2C-A42E-AFEA0F352C19}.Release|Any CPU.Build.0 = Release|Any CPU
		{C5D4AA1C-D3E3-4FD9-9BEA-3D26623CF351}.Debug|Any CPU.ActiveCfg = Debug|Any CPU
		{C5D4AA1C-D3E3-4FD9-9BEA-3D26623CF351}.Debug|Any CPU.Build.0 = Debug|Any CPU
		{C5D4AA1C-D3E3-4FD9-9BEA-3D26623CF351}.Release|Any CPU.ActiveCfg = Release|Any CPU
		{C5D4AA1C-D3E3-4FD9-9BEA-3D26623CF351}.Release|Any CPU.Build.0 = Release|Any CPU
	EndGlobalSection
	GlobalSection(SolutionProperties) = preSolution
		HideSolutionNode = FALSE
	EndGlobalSection
	GlobalSection(ExtensibilityGlobals) = postSolution
		SolutionGuid = {D9F8E68C-66F7-4D4F-B6B7-1080AF2FD2DA}
	EndGlobalSection
EndGlobal
