
Microsoft Visual Studio Solution File, Format Version 12.00
# Visual Studio 15
VisualStudioVersion = 15.0.28307.421
MinimumVisualStudioVersion = 10.0.40219.1
Project("{FAE04EC0-301F-11D3-BF4B-00C04F79EFBC}") = "do_while", "L06_CW\do_while.csproj", "{02D5C9FB-D52C-4A37-9AAD-796E64E43B54}"
EndProject
Project("{FAE04EC0-301F-11D3-BF4B-00C04F79EFBC}") = "_while", "..\while\_while.csproj", "{0729C9BD-72FE-44FE-A519-9094BE630A98}"
EndProject
Project("{FAE04EC0-301F-11D3-BF4B-00C04F79EFBC}") = "_for", "_for\_for.csproj", "{24D09E43-ADBD-47A9-970C-679B987665CA}"
EndProject
Global
	GlobalSection(SolutionConfigurationPlatforms) = preSolution
		Debug|Any CPU = Debug|Any CPU
		Release|Any CPU = Release|Any CPU
	EndGlobalSection
	GlobalSection(ProjectConfigurationPlatforms) = postSolution
		{02D5C9FB-D52C-4A37-9AAD-796E64E43B54}.Debug|Any CPU.ActiveCfg = Debug|Any CPU
		{02D5C9FB-D52C-4A37-9AAD-796E64E43B54}.Debug|Any CPU.Build.0 = Debug|Any CPU
		{02D5C9FB-D52C-4A37-9AAD-796E64E43B54}.Release|Any CPU.ActiveCfg = Release|Any CPU
		{02D5C9FB-D52C-4A37-9AAD-796E64E43B54}.Release|Any CPU.Build.0 = Release|Any CPU
		{0729C9BD-72FE-44FE-A519-9094BE630A98}.Debug|Any CPU.ActiveCfg = Debug|Any CPU
		{0729C9BD-72FE-44FE-A519-9094BE630A98}.Debug|Any CPU.Build.0 = Debug|Any CPU
		{0729C9BD-72FE-44FE-A519-9094BE630A98}.Release|Any CPU.ActiveCfg = Release|Any CPU
		{0729C9BD-72FE-44FE-A519-9094BE630A98}.Release|Any CPU.Build.0 = Release|Any CPU
		{24D09E43-ADBD-47A9-970C-679B987665CA}.Debug|Any CPU.ActiveCfg = Debug|Any CPU
		{24D09E43-ADBD-47A9-970C-679B987665CA}.Debug|Any CPU.Build.0 = Debug|Any CPU
		{24D09E43-ADBD-47A9-970C-679B987665CA}.Release|Any CPU.ActiveCfg = Release|Any CPU
		{24D09E43-ADBD-47A9-970C-679B987665CA}.Release|Any CPU.Build.0 = Release|Any CPU
	EndGlobalSection
	GlobalSection(SolutionProperties) = preSolution
		HideSolutionNode = FALSE
	EndGlobalSection
	GlobalSection(ExtensibilityGlobals) = postSolution
		SolutionGuid = {19404727-5DD8-4B18-A532-275B5C22DCAB}
	EndGlobalSection
EndGlobal
