
Microsoft Visual Studio Solution File, Format Version 12.00
# Visual Studio 15
VisualStudioVersion = 15.0.28307.421
MinimumVisualStudioVersion = 10.0.40219.1
Project("{FAE04EC0-301F-11D3-BF4B-00C04F79EFBC}") = "People", "People\People.csproj", "{72EF4A06-4DAB-435E-B92F-E996EBF468CF}"
EndProject
Global
	GlobalSection(SolutionConfigurationPlatforms) = preSolution
		Debug|Any CPU = Debug|Any CPU
		Release|Any CPU = Release|Any CPU
	EndGlobalSection
	GlobalSection(ProjectConfigurationPlatforms) = postSolution
		{72EF4A06-4DAB-435E-B92F-E996EBF468CF}.Debug|Any CPU.ActiveCfg = Debug|Any CPU
		{72EF4A06-4DAB-435E-B92F-E996EBF468CF}.Debug|Any CPU.Build.0 = Debug|Any CPU
		{72EF4A06-4DAB-435E-B92F-E996EBF468CF}.Release|Any CPU.ActiveCfg = Release|Any CPU
		{72EF4A06-4DAB-435E-B92F-E996EBF468CF}.Release|Any CPU.Build.0 = Release|Any CPU
	EndGlobalSection
	GlobalSection(SolutionProperties) = preSolution
		HideSolutionNode = FALSE
	EndGlobalSection
	GlobalSection(ExtensibilityGlobals) = postSolution
		SolutionGuid = {F935DDFD-2B63-48A9-947F-C9DB90EEFF30}
	EndGlobalSection
EndGlobal
