
Microsoft Visual Studio Solution File, Format Version 12.00
# Visual Studio 15
VisualStudioVersion = 15.0.28307.421
MinimumVisualStudioVersion = 10.0.40219.1
Project("{FAE04EC0-301F-11D3-BF4B-00C04F79EFBC}") = "Interfaces", "Interfaces\Interfaces.csproj", "{F6E42F63-97BD-4CB2-A195-73E03AC959D5}"
EndProject
Project("{FAE04EC0-301F-11D3-BF4B-00C04F79EFBC}") = "Statics", "Statics\Statics.csproj", "{56DCBEF2-2F7A-4603-8066-D403F9D26C2B}"
EndProject
Global
	GlobalSection(SolutionConfigurationPlatforms) = preSolution
		Debug|Any CPU = Debug|Any CPU
		Release|Any CPU = Release|Any CPU
	EndGlobalSection
	GlobalSection(ProjectConfigurationPlatforms) = postSolution
		{F6E42F63-97BD-4CB2-A195-73E03AC959D5}.Debug|Any CPU.ActiveCfg = Debug|Any CPU
		{F6E42F63-97BD-4CB2-A195-73E03AC959D5}.Debug|Any CPU.Build.0 = Debug|Any CPU
		{F6E42F63-97BD-4CB2-A195-73E03AC959D5}.Release|Any CPU.ActiveCfg = Release|Any CPU
		{F6E42F63-97BD-4CB2-A195-73E03AC959D5}.Release|Any CPU.Build.0 = Release|Any CPU
		{56DCBEF2-2F7A-4603-8066-D403F9D26C2B}.Debug|Any CPU.ActiveCfg = Debug|Any CPU
		{56DCBEF2-2F7A-4603-8066-D403F9D26C2B}.Debug|Any CPU.Build.0 = Debug|Any CPU
		{56DCBEF2-2F7A-4603-8066-D403F9D26C2B}.Release|Any CPU.ActiveCfg = Release|Any CPU
		{56DCBEF2-2F7A-4603-8066-D403F9D26C2B}.Release|Any CPU.Build.0 = Release|Any CPU
	EndGlobalSection
	GlobalSection(SolutionProperties) = preSolution
		HideSolutionNode = FALSE
	EndGlobalSection
	GlobalSection(ExtensibilityGlobals) = postSolution
		SolutionGuid = {8BCADBEE-56DF-4210-B4C5-50EEAD821555}
	EndGlobalSection
EndGlobal
